// !$*UTF8*$!
{
	archiveVersion = 1;
	classes = {
	};
	objectVersion = 50;
	objects = {

/* Begin PBXBuildFile section */
		D6120B542437266900FAE875 /* NestedCategoriesViewController.swift in Sources */ = {isa = PBXBuildFile; fileRef = D6120B532437266900FAE875 /* NestedCategoriesViewController.swift */; };
		D6120B562437269000FAE875 /* CategoriesTableViewDataSource.swift in Sources */ = {isa = PBXBuildFile; fileRef = D6120B552437269000FAE875 /* CategoriesTableViewDataSource.swift */; };
		D6120B58243726B600FAE875 /* CategoryTableViewCell.swift in Sources */ = {isa = PBXBuildFile; fileRef = D6120B57243726B600FAE875 /* CategoryTableViewCell.swift */; };
		D6120B5A243726D800FAE875 /* NestedCategoryCollectionViewDeglegate.swift in Sources */ = {isa = PBXBuildFile; fileRef = D6120B59243726D800FAE875 /* NestedCategoryCollectionViewDeglegate.swift */; };
		D6120B5C243726F000FAE875 /* NestedCategoryCollectionViewDataSource.swift in Sources */ = {isa = PBXBuildFile; fileRef = D6120B5B243726F000FAE875 /* NestedCategoryCollectionViewDataSource.swift */; };
		D65A73E7241B173000047944 /* AppDelegate.swift in Sources */ = {isa = PBXBuildFile; fileRef = D65A73E6241B173000047944 /* AppDelegate.swift */; };
		D65A73E9241B173000047944 /* SceneDelegate.swift in Sources */ = {isa = PBXBuildFile; fileRef = D65A73E8241B173000047944 /* SceneDelegate.swift */; };
		D65A73F0241B173000047944 /* Assets.xcassets in Resources */ = {isa = PBXBuildFile; fileRef = D65A73EF241B173000047944 /* Assets.xcassets */; };
		D65A73F3241B173000047944 /* LaunchScreen.storyboard in Resources */ = {isa = PBXBuildFile; fileRef = D65A73F1241B173000047944 /* LaunchScreen.storyboard */; };
		D65A73FE241B173100047944 /* SFSymbolsCollectionUsingNewAPITests.swift in Sources */ = {isa = PBXBuildFile; fileRef = D65A73FD241B173100047944 /* SFSymbolsCollectionUsingNewAPITests.swift */; };
		D65A7409241B1A4600047944 /* CategoriesViewController.swift in Sources */ = {isa = PBXBuildFile; fileRef = D65A7408241B1A4600047944 /* CategoriesViewController.swift */; };
		D65A740B241B1AC900047944 /* SFSymbolCategory.swift in Sources */ = {isa = PBXBuildFile; fileRef = D65A740A241B1AC900047944 /* SFSymbolCategory.swift */; };
		D65A740D241B1BF500047944 /* SFSymbols.json in Resources */ = {isa = PBXBuildFile; fileRef = D65A740C241B1BF500047944 /* SFSymbols.json */; };
		D65A740F241B216300047944 /* CategoryCell.swift in Sources */ = {isa = PBXBuildFile; fileRef = D65A740E241B216300047944 /* CategoryCell.swift */; };
		D68135A4242F442C0031C868 /* InMemoryFavoriteSymbolStore.swift in Sources */ = {isa = PBXBuildFile; fileRef = D68135A3242F442C0031C868 /* InMemoryFavoriteSymbolStore.swift */; };
		D68135AA243018B20031C868 /* CategoryCollectionViewDiffableDataSource.swift in Sources */ = {isa = PBXBuildFile; fileRef = D68135A9243018B20031C868 /* CategoryCollectionViewDiffableDataSource.swift */; };
		D68135AE24302CB30031C868 /* SymbolView.swift in Sources */ = {isa = PBXBuildFile; fileRef = D68135AD24302CB30031C868 /* SymbolView.swift */; };
		D68135B22430650F0031C868 /* FavoritesView.swift in Sources */ = {isa = PBXBuildFile; fileRef = D68135B12430650F0031C868 /* FavoritesView.swift */; };
		D68135B4243068740031C868 /* SectionHeader.swift in Sources */ = {isa = PBXBuildFile; fileRef = D68135B3243068740031C868 /* SectionHeader.swift */; };
		D68265912432CCE800858E3B /* Grid.swift in Sources */ = {isa = PBXBuildFile; fileRef = D68265902432CCE800858E3B /* Grid.swift */; };
		D690D672242D90F500BC151F /* SymbolViewController.swift in Sources */ = {isa = PBXBuildFile; fileRef = D690D671242D90F500BC151F /* SymbolViewController.swift */; };
		D690D674242D93B900BC151F /* FavoriteSymbolStore.swift in Sources */ = {isa = PBXBuildFile; fileRef = D690D673242D93B900BC151F /* FavoriteSymbolStore.swift */; };
		D6BBA05D241B2FAF00199481 /* CategoryCollectionViewDataSource.swift in Sources */ = {isa = PBXBuildFile; fileRef = D6BBA05C241B2FAF00199481 /* CategoryCollectionViewDataSource.swift */; };
		D6BBA062241B557900199481 /* CategoryHeader.swift in Sources */ = {isa = PBXBuildFile; fileRef = D6BBA061241B557900199481 /* CategoryHeader.swift */; };
		D6BBA064241B660300199481 /* CategoryCollectionViewDeglegate.swift in Sources */ = {isa = PBXBuildFile; fileRef = D6BBA063241B660300199481 /* CategoryCollectionViewDeglegate.swift */; };
		D6BBA067241B6CE900199481 /* CategoriesNewAPIViewController.swift in Sources */ = {isa = PBXBuildFile; fileRef = D6BBA066241B6CE900199481 /* CategoriesNewAPIViewController.swift */; };
		D6BBA06C241C246900199481 /* CategoriesView.swift in Sources */ = {isa = PBXBuildFile; fileRef = D6BBA06B241C246900199481 /* CategoriesView.swift */; };
		D6D856FF24397633001055B1 /* UIView+Anchors.swift in Sources */ = {isa = PBXBuildFile; fileRef = D6D856FE24397633001055B1 /* UIView+Anchors.swift */; };
		D6D857012439C37F001055B1 /* FavoriteTableViewDiffableDataSource.swift in Sources */ = {isa = PBXBuildFile; fileRef = D6D857002439C37F001055B1 /* FavoriteTableViewDiffableDataSource.swift */; };
		D6D857032439C3F8001055B1 /* FavoritesNewAPIViewController.swift in Sources */ = {isa = PBXBuildFile; fileRef = D6D857022439C3F8001055B1 /* FavoritesNewAPIViewController.swift */; };
		D6D857052439C598001055B1 /* FavoriteSymbolTableCell.swift in Sources */ = {isa = PBXBuildFile; fileRef = D6D857042439C598001055B1 /* FavoriteSymbolTableCell.swift */; };
		D6D857072439CF07001055B1 /* FavoriteSymbolHeader.swift in Sources */ = {isa = PBXBuildFile; fileRef = D6D857062439CF07001055B1 /* FavoriteSymbolHeader.swift */; };
		D6D85709243A7349001055B1 /* FavoriteTableViewDataSource.swift in Sources */ = {isa = PBXBuildFile; fileRef = D6D85708243A7349001055B1 /* FavoriteTableViewDataSource.swift */; };
		D6D8570B243A747A001055B1 /* FavoritesViewController.swift in Sources */ = {isa = PBXBuildFile; fileRef = D6D8570A243A747A001055B1 /* FavoritesViewController.swift */; };
/* End PBXBuildFile section */

/* Begin PBXContainerItemProxy section */
		D65A73FA241B173100047944 /* PBXContainerItemProxy */ = {
			isa = PBXContainerItemProxy;
			containerPortal = D65A73DB241B173000047944 /* Project object */;
			proxyType = 1;
			remoteGlobalIDString = D65A73E2241B173000047944;
			remoteInfo = SFSymbolsCollectionUsingNewAPI;
		};
/* End PBXContainerItemProxy section */

/* Begin PBXFileReference section */
		D6120B532437266900FAE875 /* NestedCategoriesViewController.swift */ = {isa = PBXFileReference; lastKnownFileType = sourcecode.swift; path = NestedCategoriesViewController.swift; sourceTree = "<group>"; };
		D6120B552437269000FAE875 /* CategoriesTableViewDataSource.swift */ = {isa = PBXFileReference; lastKnownFileType = sourcecode.swift; path = CategoriesTableViewDataSource.swift; sourceTree = "<group>"; };
		D6120B57243726B600FAE875 /* CategoryTableViewCell.swift */ = {isa = PBXFileReference; lastKnownFileType = sourcecode.swift; path = CategoryTableViewCell.swift; sourceTree = "<group>"; };
		D6120B59243726D800FAE875 /* NestedCategoryCollectionViewDeglegate.swift */ = {isa = PBXFileReference; lastKnownFileType = sourcecode.swift; path = NestedCategoryCollectionViewDeglegate.swift; sourceTree = "<group>"; };
		D6120B5B243726F000FAE875 /* NestedCategoryCollectionViewDataSource.swift */ = {isa = PBXFileReference; lastKnownFileType = sourcecode.swift; path = NestedCategoryCollectionViewDataSource.swift; sourceTree = "<group>"; };
		D65A73E3241B173000047944 /* SFSymbolsCollection.app */ = {isa = PBXFileReference; explicitFileType = wrapper.application; includeInIndex = 0; path = SFSymbolsCollection.app; sourceTree = BUILT_PRODUCTS_DIR; };
		D65A73E6241B173000047944 /* AppDelegate.swift */ = {isa = PBXFileReference; lastKnownFileType = sourcecode.swift; path = AppDelegate.swift; sourceTree = "<group>"; };
		D65A73E8241B173000047944 /* SceneDelegate.swift */ = {isa = PBXFileReference; lastKnownFileType = sourcecode.swift; path = SceneDelegate.swift; sourceTree = "<group>"; };
		D65A73EF241B173000047944 /* Assets.xcassets */ = {isa = PBXFileReference; lastKnownFileType = folder.assetcatalog; path = Assets.xcassets; sourceTree = "<group>"; };
		D65A73F2241B173000047944 /* Base */ = {isa = PBXFileReference; lastKnownFileType = file.storyboard; name = Base; path = Base.lproj/LaunchScreen.storyboard; sourceTree = "<group>"; };
		D65A73F4241B173100047944 /* Info.plist */ = {isa = PBXFileReference; lastKnownFileType = text.plist.xml; path = Info.plist; sourceTree = "<group>"; };
		D65A73F9241B173100047944 /* SFSymbolsCollectionTests.xctest */ = {isa = PBXFileReference; explicitFileType = wrapper.cfbundle; includeInIndex = 0; path = SFSymbolsCollectionTests.xctest; sourceTree = BUILT_PRODUCTS_DIR; };
		D65A73FD241B173100047944 /* SFSymbolsCollectionUsingNewAPITests.swift */ = {isa = PBXFileReference; lastKnownFileType = sourcecode.swift; path = SFSymbolsCollectionUsingNewAPITests.swift; sourceTree = "<group>"; };
		D65A73FF241B173100047944 /* Info.plist */ = {isa = PBXFileReference; lastKnownFileType = text.plist.xml; path = Info.plist; sourceTree = "<group>"; };
		D65A7408241B1A4600047944 /* CategoriesViewController.swift */ = {isa = PBXFileReference; lastKnownFileType = sourcecode.swift; path = CategoriesViewController.swift; sourceTree = "<group>"; };
		D65A740A241B1AC900047944 /* SFSymbolCategory.swift */ = {isa = PBXFileReference; lastKnownFileType = sourcecode.swift; path = SFSymbolCategory.swift; sourceTree = "<group>"; };
		D65A740C241B1BF500047944 /* SFSymbols.json */ = {isa = PBXFileReference; lastKnownFileType = text.json; path = SFSymbols.json; sourceTree = "<group>"; };
		D65A740E241B216300047944 /* CategoryCell.swift */ = {isa = PBXFileReference; lastKnownFileType = sourcecode.swift; path = CategoryCell.swift; sourceTree = "<group>"; };
		D68135A3242F442C0031C868 /* InMemoryFavoriteSymbolStore.swift */ = {isa = PBXFileReference; lastKnownFileType = sourcecode.swift; path = InMemoryFavoriteSymbolStore.swift; sourceTree = "<group>"; };
		D68135A9243018B20031C868 /* CategoryCollectionViewDiffableDataSource.swift */ = {isa = PBXFileReference; lastKnownFileType = sourcecode.swift; path = CategoryCollectionViewDiffableDataSource.swift; sourceTree = "<group>"; };
		D68135AD24302CB30031C868 /* SymbolView.swift */ = {isa = PBXFileReference; lastKnownFileType = sourcecode.swift; path = SymbolView.swift; sourceTree = "<group>"; };
		D68135B12430650F0031C868 /* FavoritesView.swift */ = {isa = PBXFileReference; lastKnownFileType = sourcecode.swift; path = FavoritesView.swift; sourceTree = "<group>"; };
		D68135B3243068740031C868 /* SectionHeader.swift */ = {isa = PBXFileReference; lastKnownFileType = sourcecode.swift; path = SectionHeader.swift; sourceTree = "<group>"; };
		D68265902432CCE800858E3B /* Grid.swift */ = {isa = PBXFileReference; lastKnownFileType = sourcecode.swift; path = Grid.swift; sourceTree = "<group>"; };
		D690D671242D90F500BC151F /* SymbolViewController.swift */ = {isa = PBXFileReference; lastKnownFileType = sourcecode.swift; path = SymbolViewController.swift; sourceTree = "<group>"; };
		D690D673242D93B900BC151F /* FavoriteSymbolStore.swift */ = {isa = PBXFileReference; lastKnownFileType = sourcecode.swift; path = FavoriteSymbolStore.swift; sourceTree = "<group>"; };
		D6BBA05C241B2FAF00199481 /* CategoryCollectionViewDataSource.swift */ = {isa = PBXFileReference; lastKnownFileType = sourcecode.swift; path = CategoryCollectionViewDataSource.swift; sourceTree = "<group>"; };
		D6BBA061241B557900199481 /* CategoryHeader.swift */ = {isa = PBXFileReference; lastKnownFileType = sourcecode.swift; path = CategoryHeader.swift; sourceTree = "<group>"; };
		D6BBA063241B660300199481 /* CategoryCollectionViewDeglegate.swift */ = {isa = PBXFileReference; lastKnownFileType = sourcecode.swift; path = CategoryCollectionViewDeglegate.swift; sourceTree = "<group>"; };
		D6BBA066241B6CE900199481 /* CategoriesNewAPIViewController.swift */ = {isa = PBXFileReference; lastKnownFileType = sourcecode.swift; path = CategoriesNewAPIViewController.swift; sourceTree = "<group>"; };
		D6BBA06B241C246900199481 /* CategoriesView.swift */ = {isa = PBXFileReference; lastKnownFileType = sourcecode.swift; path = CategoriesView.swift; sourceTree = "<group>"; };
		D6D856FE24397633001055B1 /* UIView+Anchors.swift */ = {isa = PBXFileReference; lastKnownFileType = sourcecode.swift; path = "UIView+Anchors.swift"; sourceTree = "<group>"; };
		D6D857002439C37F001055B1 /* FavoriteTableViewDiffableDataSource.swift */ = {isa = PBXFileReference; lastKnownFileType = sourcecode.swift; path = FavoriteTableViewDiffableDataSource.swift; sourceTree = "<group>"; };
		D6D857022439C3F8001055B1 /* FavoritesNewAPIViewController.swift */ = {isa = PBXFileReference; lastKnownFileType = sourcecode.swift; path = FavoritesNewAPIViewController.swift; sourceTree = "<group>"; };
		D6D857042439C598001055B1 /* FavoriteSymbolTableCell.swift */ = {isa = PBXFileReference; lastKnownFileType = sourcecode.swift; path = FavoriteSymbolTableCell.swift; sourceTree = "<group>"; };
		D6D857062439CF07001055B1 /* FavoriteSymbolHeader.swift */ = {isa = PBXFileReference; lastKnownFileType = sourcecode.swift; path = FavoriteSymbolHeader.swift; sourceTree = "<group>"; };
		D6D85708243A7349001055B1 /* FavoriteTableViewDataSource.swift */ = {isa = PBXFileReference; lastKnownFileType = sourcecode.swift; path = FavoriteTableViewDataSource.swift; sourceTree = "<group>"; };
		D6D8570A243A747A001055B1 /* FavoritesViewController.swift */ = {isa = PBXFileReference; lastKnownFileType = sourcecode.swift; path = FavoritesViewController.swift; sourceTree = "<group>"; };
/* End PBXFileReference section */

/* Begin PBXFrameworksBuildPhase section */
		D65A73E0241B173000047944 /* Frameworks */ = {
			isa = PBXFrameworksBuildPhase;
			buildActionMask = 2147483647;
			files = (
			);
			runOnlyForDeploymentPostprocessing = 0;
		};
		D65A73F6241B173100047944 /* Frameworks */ = {
			isa = PBXFrameworksBuildPhase;
			buildActionMask = 2147483647;
			files = (
			);
			runOnlyForDeploymentPostprocessing = 0;
		};
/* End PBXFrameworksBuildPhase section */

/* Begin PBXGroup section */
		D6120B522437265600FAE875 /* Nested */ = {
			isa = PBXGroup;
			children = (
				D6120B552437269000FAE875 /* CategoriesTableViewDataSource.swift */,
				D6120B57243726B600FAE875 /* CategoryTableViewCell.swift */,
				D6120B532437266900FAE875 /* NestedCategoriesViewController.swift */,
				D6120B5B243726F000FAE875 /* NestedCategoryCollectionViewDataSource.swift */,
				D6120B59243726D800FAE875 /* NestedCategoryCollectionViewDeglegate.swift */,
			);
			path = Nested;
			sourceTree = "<group>";
		};
		D65A73DA241B173000047944 = {
			isa = PBXGroup;
			children = (
				D65A73E5241B173000047944 /* SFSymbolsCollection */,
				D65A73FC241B173100047944 /* SFSymbolsCollectionTests */,
				D65A73E4241B173000047944 /* Products */,
			);
			sourceTree = "<group>";
		};
		D65A73E4241B173000047944 /* Products */ = {
			isa = PBXGroup;
			children = (
				D65A73E3241B173000047944 /* SFSymbolsCollection.app */,
				D65A73F9241B173100047944 /* SFSymbolsCollectionTests.xctest */,
			);
			name = Products;
			sourceTree = "<group>";
		};
		D65A73E5241B173000047944 /* SFSymbolsCollection */ = {
			isa = PBXGroup;
			children = (
				D65A740C241B1BF500047944 /* SFSymbols.json */,
				D65A73F4241B173100047944 /* Info.plist */,
				D65A73E6241B173000047944 /* AppDelegate.swift */,
				D65A73E8241B173000047944 /* SceneDelegate.swift */,
				D65A740A241B1AC900047944 /* SFSymbolCategory.swift */,
				D65A73EF241B173000047944 /* Assets.xcassets */,
				D68135A2242F441B0031C868 /* FavoriteSymbolStore */,
				D65A73F1241B173000047944 /* LaunchScreen.storyboard */,
				D6BBA06A241C242000199481 /* SwiftUI */,
				D690D670242D8FD400BC151F /* UIKit */,
			);
			path = SFSymbolsCollection;
			sourceTree = "<group>";
		};
		D65A73FC241B173100047944 /* SFSymbolsCollectionTests */ = {
			isa = PBXGroup;
			children = (
				D65A73FD241B173100047944 /* SFSymbolsCollectionUsingNewAPITests.swift */,
				D65A73FF241B173100047944 /* Info.plist */,
			);
			path = SFSymbolsCollectionTests;
			sourceTree = "<group>";
		};
		D6813598242F10A10031C868 /* Categories */ = {
			isa = PBXGroup;
			children = (
				D6120B522437265600FAE875 /* Nested */,
				D65A7408241B1A4600047944 /* CategoriesViewController.swift */,
				D6BBA05C241B2FAF00199481 /* CategoryCollectionViewDataSource.swift */,
				D6BBA063241B660300199481 /* CategoryCollectionViewDeglegate.swift */,
			);
			path = Categories;
			sourceTree = "<group>";
		};
		D6813599242F10AE0031C868 /* Favorites */ = {
			isa = PBXGroup;
			children = (
				D6D85708243A7349001055B1 /* FavoriteTableViewDataSource.swift */,
				D6D8570A243A747A001055B1 /* FavoritesViewController.swift */,
			);
			path = Favorites;
			sourceTree = "<group>";
		};
		D68135A2242F441B0031C868 /* FavoriteSymbolStore */ = {
			isa = PBXGroup;
			children = (
				D690D673242D93B900BC151F /* FavoriteSymbolStore.swift */,
				D68135A3242F442C0031C868 /* InMemoryFavoriteSymbolStore.swift */,
			);
			path = FavoriteSymbolStore;
			sourceTree = "<group>";
		};
		D68135A5243015DE0031C868 /* Categories */ = {
			isa = PBXGroup;
			children = (
				D6BBA066241B6CE900199481 /* CategoriesNewAPIViewController.swift */,
				D68135A9243018B20031C868 /* CategoryCollectionViewDiffableDataSource.swift */,
			);
			path = Categories;
			sourceTree = "<group>";
		};
		D68135A6243015EA0031C868 /* Favorites */ = {
			isa = PBXGroup;
			children = (
				D6D857002439C37F001055B1 /* FavoriteTableViewDiffableDataSource.swift */,
				D6D857022439C3F8001055B1 /* FavoritesNewAPIViewController.swift */,
			);
			path = Favorites;
			sourceTree = "<group>";
		};
		D690D670242D8FD400BC151F /* UIKit */ = {
			isa = PBXGroup;
			children = (
				D65A740E241B216300047944 /* CategoryCell.swift */,
				D6BBA061241B557900199481 /* CategoryHeader.swift */,
				D6D857062439CF07001055B1 /* FavoriteSymbolHeader.swift */,
				D6D857042439C598001055B1 /* FavoriteSymbolTableCell.swift */,
				D690D671242D90F500BC151F /* SymbolViewController.swift */,
				D6D856FE24397633001055B1 /* UIView+Anchors.swift */,
				D6BBA05B241B2F8600199481 /* DataSource&FlowLayout */,
				D6BBA065241B6C4A00199481 /* DiffableDataSources&CompositionalLayout */,
			);
			path = UIKit;
			sourceTree = "<group>";
		};
		D6BBA05B241B2F8600199481 /* DataSource&FlowLayout */ = {
			isa = PBXGroup;
			children = (
				D6813598242F10A10031C868 /* Categories */,
				D6813599242F10AE0031C868 /* Favorites */,
			);
			path = "DataSource&FlowLayout";
			sourceTree = "<group>";
		};
		D6BBA065241B6C4A00199481 /* DiffableDataSources&CompositionalLayout */ = {
			isa = PBXGroup;
			children = (
				D68135A5243015DE0031C868 /* Categories */,
				D68135A6243015EA0031C868 /* Favorites */,
			);
			path = "DiffableDataSources&CompositionalLayout";
			sourceTree = "<group>";
		};
		D6BBA06A241C242000199481 /* SwiftUI */ = {
			isa = PBXGroup;
			children = (
				D6BBA06B241C246900199481 /* CategoriesView.swift */,
				D68135AD24302CB30031C868 /* SymbolView.swift */,
				D68135B12430650F0031C868 /* FavoritesView.swift */,
				D68135B3243068740031C868 /* SectionHeader.swift */,
				D68265902432CCE800858E3B /* Grid.swift */,
			);
			path = SwiftUI;
			sourceTree = "<group>";
		};
/* End PBXGroup section */

/* Begin PBXNativeTarget section */
		D65A73E2241B173000047944 /* SFSymbolsCollection */ = {
			isa = PBXNativeTarget;
			buildConfigurationList = D65A7402241B173100047944 /* Build configuration list for PBXNativeTarget "SFSymbolsCollection" */;
			buildPhases = (
				D65A73DF241B173000047944 /* Sources */,
				D65A73E0241B173000047944 /* Frameworks */,
				D65A73E1241B173000047944 /* Resources */,
			);
			buildRules = (
			);
			dependencies = (
			);
			name = SFSymbolsCollection;
			productName = SFSymbolsCollectionUsingNewAPI;
			productReference = D65A73E3241B173000047944 /* SFSymbolsCollection.app */;
			productType = "com.apple.product-type.application";
		};
		D65A73F8241B173100047944 /* SFSymbolsCollectionTests */ = {
			isa = PBXNativeTarget;
			buildConfigurationList = D65A7405241B173100047944 /* Build configuration list for PBXNativeTarget "SFSymbolsCollectionTests" */;
			buildPhases = (
				D65A73F5241B173100047944 /* Sources */,
				D65A73F6241B173100047944 /* Frameworks */,
				D65A73F7241B173100047944 /* Resources */,
			);
			buildRules = (
			);
			dependencies = (
				D65A73FB241B173100047944 /* PBXTargetDependency */,
			);
			name = SFSymbolsCollectionTests;
			productName = SFSymbolsCollectionUsingNewAPITests;
			productReference = D65A73F9241B173100047944 /* SFSymbolsCollectionTests.xctest */;
			productType = "com.apple.product-type.bundle.unit-test";
		};
/* End PBXNativeTarget section */

/* Begin PBXProject section */
		D65A73DB241B173000047944 /* Project object */ = {
			isa = PBXProject;
			attributes = {
				LastSwiftUpdateCheck = 1140;
				LastUpgradeCheck = 1140;
				ORGANIZATIONNAME = shiz;
				TargetAttributes = {
					D65A73E2241B173000047944 = {
						CreatedOnToolsVersion = 11.4;
					};
					D65A73F8241B173100047944 = {
						CreatedOnToolsVersion = 11.4;
						TestTargetID = D65A73E2241B173000047944;
					};
				};
			};
			buildConfigurationList = D65A73DE241B173000047944 /* Build configuration list for PBXProject "SFSymbolsCollection" */;
			compatibilityVersion = "Xcode 9.3";
			developmentRegion = en;
			hasScannedForEncodings = 0;
			knownRegions = (
				en,
				Base,
			);
			mainGroup = D65A73DA241B173000047944;
			productRefGroup = D65A73E4241B173000047944 /* Products */;
			projectDirPath = "";
			projectRoot = "";
			targets = (
				D65A73E2241B173000047944 /* SFSymbolsCollection */,
				D65A73F8241B173100047944 /* SFSymbolsCollectionTests */,
			);
		};
/* End PBXProject section */

/* Begin PBXResourcesBuildPhase section */
		D65A73E1241B173000047944 /* Resources */ = {
			isa = PBXResourcesBuildPhase;
			buildActionMask = 2147483647;
			files = (
				D65A73F3241B173000047944 /* LaunchScreen.storyboard in Resources */,
				D65A740D241B1BF500047944 /* SFSymbols.json in Resources */,
				D65A73F0241B173000047944 /* Assets.xcassets in Resources */,
			);
			runOnlyForDeploymentPostprocessing = 0;
		};
		D65A73F7241B173100047944 /* Resources */ = {
			isa = PBXResourcesBuildPhase;
			buildActionMask = 2147483647;
			files = (
			);
			runOnlyForDeploymentPostprocessing = 0;
		};
/* End PBXResourcesBuildPhase section */

/* Begin PBXSourcesBuildPhase section */
		D65A73DF241B173000047944 /* Sources */ = {
			isa = PBXSourcesBuildPhase;
			buildActionMask = 2147483647;
			files = (
				D6D85709243A7349001055B1 /* FavoriteTableViewDataSource.swift in Sources */,
				D6D857032439C3F8001055B1 /* FavoritesNewAPIViewController.swift in Sources */,
				D6BBA062241B557900199481 /* CategoryHeader.swift in Sources */,
				D65A7409241B1A4600047944 /* CategoriesViewController.swift in Sources */,
				D65A740B241B1AC900047944 /* SFSymbolCategory.swift in Sources */,
				D68135AA243018B20031C868 /* CategoryCollectionViewDiffableDataSource.swift in Sources */,
				D68135AE24302CB30031C868 /* SymbolView.swift in Sources */,
				D6D856FF24397633001055B1 /* UIView+Anchors.swift in Sources */,
				D65A73E7241B173000047944 /* AppDelegate.swift in Sources */,
				D6D857072439CF07001055B1 /* FavoriteSymbolHeader.swift in Sources */,
				D6D857052439C598001055B1 /* FavoriteSymbolTableCell.swift in Sources */,
				D690D672242D90F500BC151F /* SymbolViewController.swift in Sources */,
				D68135A4242F442C0031C868 /* InMemoryFavoriteSymbolStore.swift in Sources */,
				D6D857012439C37F001055B1 /* FavoriteTableViewDiffableDataSource.swift in Sources */,
				D6120B58243726B600FAE875 /* CategoryTableViewCell.swift in Sources */,
				D6120B542437266900FAE875 /* NestedCategoriesViewController.swift in Sources */,
				D68135B22430650F0031C868 /* FavoritesView.swift in Sources */,
				D6120B5C243726F000FAE875 /* NestedCategoryCollectionViewDataSource.swift in Sources */,
				D65A73E9241B173000047944 /* SceneDelegate.swift in Sources */,
				D6D8570B243A747A001055B1 /* FavoritesViewController.swift in Sources */,
				D6120B5A243726D800FAE875 /* NestedCategoryCollectionViewDeglegate.swift in Sources */,
				D6BBA067241B6CE900199481 /* CategoriesNewAPIViewController.swift in Sources */,
				D690D674242D93B900BC151F /* FavoriteSymbolStore.swift in Sources */,
				D65A740F241B216300047944 /* CategoryCell.swift in Sources */,
				D68265912432CCE800858E3B /* Grid.swift in Sources */,
				D6BBA05D241B2FAF00199481 /* CategoryCollectionViewDataSource.swift in Sources */,
				D68135B4243068740031C868 /* SectionHeader.swift in Sources */,
				D6BBA06C241C246900199481 /* CategoriesView.swift in Sources */,
				D6BBA064241B660300199481 /* CategoryCollectionViewDeglegate.swift in Sources */,
				D6120B562437269000FAE875 /* CategoriesTableViewDataSource.swift in Sources */,
			);
			runOnlyForDeploymentPostprocessing = 0;
		};
		D65A73F5241B173100047944 /* Sources */ = {
			isa = PBXSourcesBuildPhase;
			buildActionMask = 2147483647;
			files = (
				D65A73FE241B173100047944 /* SFSymbolsCollectionUsingNewAPITests.swift in Sources */,
			);
			runOnlyForDeploymentPostprocessing = 0;
		};
/* End PBXSourcesBuildPhase section */

/* Begin PBXTargetDependency section */
		D65A73FB241B173100047944 /* PBXTargetDependency */ = {
			isa = PBXTargetDependency;
			target = D65A73E2241B173000047944 /* SFSymbolsCollection */;
			targetProxy = D65A73FA241B173100047944 /* PBXContainerItemProxy */;
		};
/* End PBXTargetDependency section */

/* Begin PBXVariantGroup section */
		D65A73F1241B173000047944 /* LaunchScreen.storyboard */ = {
			isa = PBXVariantGroup;
			children = (
				D65A73F2241B173000047944 /* Base */,
			);
			name = LaunchScreen.storyboard;
			sourceTree = "<group>";
		};
/* End PBXVariantGroup section */

/* Begin XCBuildConfiguration section */
		D65A7400241B173100047944 /* Debug */ = {
			isa = XCBuildConfiguration;
			buildSettings = {
				ALWAYS_SEARCH_USER_PATHS = NO;
				CLANG_ANALYZER_NONNULL = YES;
				CLANG_ANALYZER_NUMBER_OBJECT_CONVERSION = YES_AGGRESSIVE;
				CLANG_CXX_LANGUAGE_STANDARD = "gnu++14";
				CLANG_CXX_LIBRARY = "libc++";
				CLANG_ENABLE_MODULES = YES;
				CLANG_ENABLE_OBJC_ARC = YES;
				CLANG_ENABLE_OBJC_WEAK = YES;
				CLANG_WARN_BLOCK_CAPTURE_AUTORELEASING = YES;
				CLANG_WARN_BOOL_CONVERSION = YES;
				CLANG_WARN_COMMA = YES;
				CLANG_WARN_CONSTANT_CONVERSION = YES;
				CLANG_WARN_DEPRECATED_OBJC_IMPLEMENTATIONS = YES;
				CLANG_WARN_DIRECT_OBJC_ISA_USAGE = YES_ERROR;
				CLANG_WARN_DOCUMENTATION_COMMENTS = YES;
				CLANG_WARN_EMPTY_BODY = YES;
				CLANG_WARN_ENUM_CONVERSION = YES;
				CLANG_WARN_INFINITE_RECURSION = YES;
				CLANG_WARN_INT_CONVERSION = YES;
				CLANG_WARN_NON_LITERAL_NULL_CONVERSION = YES;
				CLANG_WARN_OBJC_IMPLICIT_RETAIN_SELF = YES;
				CLANG_WARN_OBJC_LITERAL_CONVERSION = YES;
				CLANG_WARN_OBJC_ROOT_CLASS = YES_ERROR;
				CLANG_WARN_RANGE_LOOP_ANALYSIS = YES;
				CLANG_WARN_STRICT_PROTOTYPES = YES;
				CLANG_WARN_SUSPICIOUS_MOVE = YES;
				CLANG_WARN_UNGUARDED_AVAILABILITY = YES_AGGRESSIVE;
				CLANG_WARN_UNREACHABLE_CODE = YES;
				CLANG_WARN__DUPLICATE_METHOD_MATCH = YES;
				COPY_PHASE_STRIP = NO;
				DEBUG_INFORMATION_FORMAT = dwarf;
				ENABLE_STRICT_OBJC_MSGSEND = YES;
				ENABLE_TESTABILITY = YES;
				GCC_C_LANGUAGE_STANDARD = gnu11;
				GCC_DYNAMIC_NO_PIC = NO;
				GCC_NO_COMMON_BLOCKS = YES;
				GCC_OPTIMIZATION_LEVEL = 0;
				GCC_PREPROCESSOR_DEFINITIONS = (
					"DEBUG=1",
					"$(inherited)",
				);
				GCC_WARN_64_TO_32_BIT_CONVERSION = YES;
				GCC_WARN_ABOUT_RETURN_TYPE = YES_ERROR;
				GCC_WARN_UNDECLARED_SELECTOR = YES;
				GCC_WARN_UNINITIALIZED_AUTOS = YES_AGGRESSIVE;
				GCC_WARN_UNUSED_FUNCTION = YES;
				GCC_WARN_UNUSED_VARIABLE = YES;
				IPHONEOS_DEPLOYMENT_TARGET = 13.4;
				MTL_ENABLE_DEBUG_INFO = INCLUDE_SOURCE;
				MTL_FAST_MATH = YES;
				ONLY_ACTIVE_ARCH = YES;
				SDKROOT = iphoneos;
				SWIFT_ACTIVE_COMPILATION_CONDITIONS = DEBUG;
				SWIFT_OPTIMIZATION_LEVEL = "-Onone";
			};
			name = Debug;
		};
		D65A7401241B173100047944 /* Release */ = {
			isa = XCBuildConfiguration;
			buildSettings = {
				ALWAYS_SEARCH_USER_PATHS = NO;
				CLANG_ANALYZER_NONNULL = YES;
				CLANG_ANALYZER_NUMBER_OBJECT_CONVERSION = YES_AGGRESSIVE;
				CLANG_CXX_LANGUAGE_STANDARD = "gnu++14";
				CLANG_CXX_LIBRARY = "libc++";
				CLANG_ENABLE_MODULES = YES;
				CLANG_ENABLE_OBJC_ARC = YES;
				CLANG_ENABLE_OBJC_WEAK = YES;
				CLANG_WARN_BLOCK_CAPTURE_AUTORELEASING = YES;
				CLANG_WARN_BOOL_CONVERSION = YES;
				CLANG_WARN_COMMA = YES;
				CLANG_WARN_CONSTANT_CONVERSION = YES;
				CLANG_WARN_DEPRECATED_OBJC_IMPLEMENTATIONS = YES;
				CLANG_WARN_DIRECT_OBJC_ISA_USAGE = YES_ERROR;
				CLANG_WARN_DOCUMENTATION_COMMENTS = YES;
				CLANG_WARN_EMPTY_BODY = YES;
				CLANG_WARN_ENUM_CONVERSION = YES;
				CLANG_WARN_INFINITE_RECURSION = YES;
				CLANG_WARN_INT_CONVERSION = YES;
				CLANG_WARN_NON_LITERAL_NULL_CONVERSION = YES;
				CLANG_WARN_OBJC_IMPLICIT_RETAIN_SELF = YES;
				CLANG_WARN_OBJC_LITERAL_CONVERSION = YES;
				CLANG_WARN_OBJC_ROOT_CLASS = YES_ERROR;
				CLANG_WARN_RANGE_LOOP_ANALYSIS = YES;
				CLANG_WARN_STRICT_PROTOTYPES = YES;
				CLANG_WARN_SUSPICIOUS_MOVE = YES;
				CLANG_WARN_UNGUARDED_AVAILABILITY = YES_AGGRESSIVE;
				CLANG_WARN_UNREACHABLE_CODE = YES;
				CLANG_WARN__DUPLICATE_METHOD_MATCH = YES;
				COPY_PHASE_STRIP = NO;
				DEBUG_INFORMATION_FORMAT = "dwarf-with-dsym";
				ENABLE_NS_ASSERTIONS = NO;
				ENABLE_STRICT_OBJC_MSGSEND = YES;
				GCC_C_LANGUAGE_STANDARD = gnu11;
				GCC_NO_COMMON_BLOCKS = YES;
				GCC_WARN_64_TO_32_BIT_CONVERSION = YES;
				GCC_WARN_ABOUT_RETURN_TYPE = YES_ERROR;
				GCC_WARN_UNDECLARED_SELECTOR = YES;
				GCC_WARN_UNINITIALIZED_AUTOS = YES_AGGRESSIVE;
				GCC_WARN_UNUSED_FUNCTION = YES;
				GCC_WARN_UNUSED_VARIABLE = YES;
				IPHONEOS_DEPLOYMENT_TARGET = 13.4;
				MTL_ENABLE_DEBUG_INFO = NO;
				MTL_FAST_MATH = YES;
				SDKROOT = iphoneos;
				SWIFT_COMPILATION_MODE = wholemodule;
				SWIFT_OPTIMIZATION_LEVEL = "-O";
				VALIDATE_PRODUCT = YES;
			};
			name = Release;
		};
		D65A7403241B173100047944 /* Debug */ = {
			isa = XCBuildConfiguration;
			buildSettings = {
				ASSETCATALOG_COMPILER_APPICON_NAME = AppIcon;
				CODE_SIGN_STYLE = Automatic;
				DEVELOPMENT_TEAM = L8VFCZLW2Z;
				INFOPLIST_FILE = SFSymbolsCollection/Info.plist;
				LD_RUNPATH_SEARCH_PATHS = (
					"$(inherited)",
					"@executable_path/Frameworks",
				);
				PRODUCT_BUNDLE_IDENTIFIER = shiz.sample.SFSymbolsCollection;
				PRODUCT_NAME = "$(TARGET_NAME)";
				SWIFT_VERSION = 5.0;
				TARGETED_DEVICE_FAMILY = "1,2";
			};
			name = Debug;
		};
		D65A7404241B173100047944 /* Release */ = {
			isa = XCBuildConfiguration;
			buildSettings = {
				ASSETCATALOG_COMPILER_APPICON_NAME = AppIcon;
				CODE_SIGN_STYLE = Automatic;
				DEVELOPMENT_TEAM = L8VFCZLW2Z;
				INFOPLIST_FILE = SFSymbolsCollection/Info.plist;
				LD_RUNPATH_SEARCH_PATHS = (
					"$(inherited)",
					"@executable_path/Frameworks",
				);
				PRODUCT_BUNDLE_IDENTIFIER = shiz.sample.SFSymbolsCollection;
				PRODUCT_NAME = "$(TARGET_NAME)";
				SWIFT_VERSION = 5.0;
				TARGETED_DEVICE_FAMILY = "1,2";
			};
			name = Release;
		};
		D65A7406241B173100047944 /* Debug */ = {
			isa = XCBuildConfiguration;
			buildSettings = {
				ALWAYS_EMBED_SWIFT_STANDARD_LIBRARIES = YES;
				BUNDLE_LOADER = "$(TEST_HOST)";
				CODE_SIGN_STYLE = Automatic;
				DEVELOPMENT_TEAM = L8VFCZLW2Z;
				INFOPLIST_FILE = SFSymbolsCollectionTests/Info.plist;
				IPHONEOS_DEPLOYMENT_TARGET = 13.4;
				LD_RUNPATH_SEARCH_PATHS = (
					"$(inherited)",
					"@executable_path/Frameworks",
					"@loader_path/Frameworks",
				);
				PRODUCT_BUNDLE_IDENTIFIER = shiz.sample.SFSymbolsCollectionTests;
				PRODUCT_NAME = "$(TARGET_NAME)";
				SWIFT_VERSION = 5.0;
				TARGETED_DEVICE_FAMILY = "1,2";
				TEST_HOST = "$(BUILT_PRODUCTS_DIR)/SFSymbolsCollection.app/SFSymbolsCollection";
			};
			name = Debug;
		};
		D65A7407241B173100047944 /* Release */ = {
			isa = XCBuildConfiguration;
			buildSettings = {
				ALWAYS_EMBED_SWIFT_STANDARD_LIBRARIES = YES;
				BUNDLE_LOADER = "$(TEST_HOST)";
				CODE_SIGN_STYLE = Automatic;
				DEVELOPMENT_TEAM = L8VFCZLW2Z;
				INFOPLIST_FILE = SFSymbolsCollectionTests/Info.plist;
				IPHONEOS_DEPLOYMENT_TARGET = 13.4;
				LD_RUNPATH_SEARCH_PATHS = (
					"$(inherited)",
					"@executable_path/Frameworks",
					"@loader_path/Frameworks",
				);
				PRODUCT_BUNDLE_IDENTIFIER = shiz.sample.SFSymbolsCollectionTests;
				PRODUCT_NAME = "$(TARGET_NAME)";
				SWIFT_VERSION = 5.0;
				TARGETED_DEVICE_FAMILY = "1,2";
				TEST_HOST = "$(BUILT_PRODUCTS_DIR)/SFSymbolsCollection.app/SFSymbolsCollection";
			};
			name = Release;
		};
/* End XCBuildConfiguration section */

/* Begin XCConfigurationList section */
		D65A73DE241B173000047944 /* Build configuration list for PBXProject "SFSymbolsCollection" */ = {
			isa = XCConfigurationList;
			buildConfigurations = (
				D65A7400241B173100047944 /* Debug */,
				D65A7401241B173100047944 /* Release */,
			);
			defaultConfigurationIsVisible = 0;
			defaultConfigurationName = Release;
		};
		D65A7402241B173100047944 /* Build configuration list for PBXNativeTarget "SFSymbolsCollection" */ = {
			isa = XCConfigurationList;
			buildConfigurations = (
				D65A7403241B173100047944 /* Debug */,
				D65A7404241B173100047944 /* Release */,
			);
			defaultConfigurationIsVisible = 0;
			defaultConfigurationName = Release;
		};
		D65A7405241B173100047944 /* Build configuration list for PBXNativeTarget "SFSymbolsCollectionTests" */ = {
			isa = XCConfigurationList;
			buildConfigurations = (
				D65A7406241B173100047944 /* Debug */,
				D65A7407241B173100047944 /* Release */,
			);
			defaultConfigurationIsVisible = 0;
			defaultConfigurationName = Release;
		};
/* End XCConfigurationList section */
	};
	rootObject = D65A73DB241B173000047944 /* Project object */;
}
