// !$*UTF8*$!
{
	archiveVersion = 1;
	classes = {
	};
	objectVersion = 50;
	objects = {

/* Begin PBXBuildFile section */
		D65A73E7241B173000047944 /* AppDelegate.swift in Sources */ = {isa = PBXBuildFile; fileRef = D65A73E6241B173000047944 /* AppDelegate.swift */; };
		D65A73E9241B173000047944 /* SceneDelegate.swift in Sources */ = {isa = PBXBuildFile; fileRef = D65A73E8241B173000047944 /* SceneDelegate.swift */; };
		D65A73F0241B173000047944 /* Assets.xcassets in Resources */ = {isa = PBXBuildFile; fileRef = D65A73EF241B173000047944 /* Assets.xcassets */; };
		D65A73F3241B173000047944 /* LaunchScreen.storyboard in Resources */ = {isa = PBXBuildFile; fileRef = D65A73F1241B173000047944 /* LaunchScreen.storyboard */; };
		D65A73FE241B173100047944 /* SFSymbolsCollectionUsingNewAPITests.swift in Sources */ = {isa = PBXBuildFile; fileRef = D65A73FD241B173100047944 /* SFSymbolsCollectionUsingNewAPITests.swift */; };
		D65A7409241B1A4600047944 /* CategoriesViewController.swift in Sources */ = {isa = PBXBuildFile; fileRef = D65A7408241B1A4600047944 /* CategoriesViewController.swift */; };
		D65A740B241B1AC900047944 /* SFSymbolCategory.swift in Sources */ = {isa = PBXBuildFile; fileRef = D65A740A241B1AC900047944 /* SFSymbolCategory.swift */; };
		D65A740D241B1BF500047944 /* symbols.json in Resources */ = {isa = PBXBuildFile; fileRef = D65A740C241B1BF500047944 /* symbols.json */; };
		D65A740F241B216300047944 /* CategoryCell.swift in Sources */ = {isa = PBXBuildFile; fileRef = D65A740E241B216300047944 /* CategoryCell.swift */; };
		D6BBA05D241B2FAF00199481 /* CategoriesDataSource.swift in Sources */ = {isa = PBXBuildFile; fileRef = D6BBA05C241B2FAF00199481 /* CategoriesDataSource.swift */; };
/* End PBXBuildFile section */

/* Begin PBXContainerItemProxy section */
		D65A73FA241B173100047944 /* PBXContainerItemProxy */ = {
			isa = PBXContainerItemProxy;
			containerPortal = D65A73DB241B173000047944 /* Project object */;
			proxyType = 1;
			remoteGlobalIDString = D65A73E2241B173000047944;
			remoteInfo = SFSymbolsCollectionUsingNewAPI;
		};
/* End PBXContainerItemProxy section */

/* Begin PBXFileReference section */
		D65A73E3241B173000047944 /* SFSymbolsCollectionUsingNewAPI.app */ = {isa = PBXFileReference; explicitFileType = wrapper.application; includeInIndex = 0; path = SFSymbolsCollectionUsingNewAPI.app; sourceTree = BUILT_PRODUCTS_DIR; };
		D65A73E6241B173000047944 /* AppDelegate.swift */ = {isa = PBXFileReference; lastKnownFileType = sourcecode.swift; path = AppDelegate.swift; sourceTree = "<group>"; };
		D65A73E8241B173000047944 /* SceneDelegate.swift */ = {isa = PBXFileReference; lastKnownFileType = sourcecode.swift; path = SceneDelegate.swift; sourceTree = "<group>"; };
		D65A73EF241B173000047944 /* Assets.xcassets */ = {isa = PBXFileReference; lastKnownFileType = folder.assetcatalog; path = Assets.xcassets; sourceTree = "<group>"; };
		D65A73F2241B173000047944 /* Base */ = {isa = PBXFileReference; lastKnownFileType = file.storyboard; name = Base; path = Base.lproj/LaunchScreen.storyboard; sourceTree = "<group>"; };
		D65A73F4241B173100047944 /* Info.plist */ = {isa = PBXFileReference; lastKnownFileType = text.plist.xml; path = Info.plist; sourceTree = "<group>"; };
		D65A73F9241B173100047944 /* SFSymbolsCollectionUsingNewAPITests.xctest */ = {isa = PBXFileReference; explicitFileType = wrapper.cfbundle; includeInIndex = 0; path = SFSymbolsCollectionUsingNewAPITests.xctest; sourceTree = BUILT_PRODUCTS_DIR; };
		D65A73FD241B173100047944 /* SFSymbolsCollectionUsingNewAPITests.swift */ = {isa = PBXFileReference; lastKnownFileType = sourcecode.swift; path = SFSymbolsCollectionUsingNewAPITests.swift; sourceTree = "<group>"; };
		D65A73FF241B173100047944 /* Info.plist */ = {isa = PBXFileReference; lastKnownFileType = text.plist.xml; path = Info.plist; sourceTree = "<group>"; };
		D65A7408241B1A4600047944 /* CategoriesViewController.swift */ = {isa = PBXFileReference; lastKnownFileType = sourcecode.swift; path = CategoriesViewController.swift; sourceTree = "<group>"; };
		D65A740A241B1AC900047944 /* SFSymbolCategory.swift */ = {isa = PBXFileReference; lastKnownFileType = sourcecode.swift; path = SFSymbolCategory.swift; sourceTree = "<group>"; };
		D65A740C241B1BF500047944 /* symbols.json */ = {isa = PBXFileReference; lastKnownFileType = text.json; path = symbols.json; sourceTree = "<group>"; };
		D65A740E241B216300047944 /* CategoryCell.swift */ = {isa = PBXFileReference; lastKnownFileType = sourcecode.swift; path = CategoryCell.swift; sourceTree = "<group>"; };
		D6BBA05C241B2FAF00199481 /* CategoriesDataSource.swift */ = {isa = PBXFileReference; lastKnownFileType = sourcecode.swift; path = CategoriesDataSource.swift; sourceTree = "<group>"; };
/* End PBXFileReference section */

/* Begin PBXFrameworksBuildPhase section */
		D65A73E0241B173000047944 /* Frameworks */ = {
			isa = PBXFrameworksBuildPhase;
			buildActionMask = 2147483647;
			files = (
			);
			runOnlyForDeploymentPostprocessing = 0;
		};
		D65A73F6241B173100047944 /* Frameworks */ = {
			isa = PBXFrameworksBuildPhase;
			buildActionMask = 2147483647;
			files = (
			);
			runOnlyForDeploymentPostprocessing = 0;
		};
/* End PBXFrameworksBuildPhase section */

/* Begin PBXGroup section */
		D65A73DA241B173000047944 = {
			isa = PBXGroup;
			children = (
				D65A73E5241B173000047944 /* SFSymbolsCollectionUsingNewAPI */,
				D65A73FC241B173100047944 /* SFSymbolsCollectionUsingNewAPITests */,
				D65A73E4241B173000047944 /* Products */,
			);
			sourceTree = "<group>";
		};
		D65A73E4241B173000047944 /* Products */ = {
			isa = PBXGroup;
			children = (
				D65A73E3241B173000047944 /* SFSymbolsCollectionUsingNewAPI.app */,
				D65A73F9241B173100047944 /* SFSymbolsCollectionUsingNewAPITests.xctest */,
			);
			name = Products;
			sourceTree = "<group>";
		};
		D65A73E5241B173000047944 /* SFSymbolsCollectionUsingNewAPI */ = {
			isa = PBXGroup;
			children = (
				D6BBA05B241B2F8600199481 /* Categories */,
				D65A73E6241B173000047944 /* AppDelegate.swift */,
				D65A73E8241B173000047944 /* SceneDelegate.swift */,
				D65A73EF241B173000047944 /* Assets.xcassets */,
				D65A73F1241B173000047944 /* LaunchScreen.storyboard */,
				D65A73F4241B173100047944 /* Info.plist */,
				D65A740A241B1AC900047944 /* SFSymbolCategory.swift */,
				D65A740C241B1BF500047944 /* symbols.json */,
				D65A740E241B216300047944 /* CategoryCell.swift */,
			);
			path = SFSymbolsCollectionUsingNewAPI;
			sourceTree = "<group>";
		};
		D65A73FC241B173100047944 /* SFSymbolsCollectionUsingNewAPITests */ = {
			isa = PBXGroup;
			children = (
				D65A73FD241B173100047944 /* SFSymbolsCollectionUsingNewAPITests.swift */,
				D65A73FF241B173100047944 /* Info.plist */,
			);
			path = SFSymbolsCollectionUsingNewAPITests;
			sourceTree = "<group>";
		};
		D6BBA05B241B2F8600199481 /* Categories */ = {
			isa = PBXGroup;
			children = (
				D65A7408241B1A4600047944 /* CategoriesViewController.swift */,
				D6BBA05C241B2FAF00199481 /* CategoriesDataSource.swift */,
			);
			path = Categories;
			sourceTree = "<group>";
		};
/* End PBXGroup section */

/* Begin PBXNativeTarget section */
		D65A73E2241B173000047944 /* SFSymbolsCollectionUsingNewAPI */ = {
			isa = PBXNativeTarget;
			buildConfigurationList = D65A7402241B173100047944 /* Build configuration list for PBXNativeTarget "SFSymbolsCollectionUsingNewAPI" */;
			buildPhases = (
				D65A73DF241B173000047944 /* Sources */,
				D65A73E0241B173000047944 /* Frameworks */,
				D65A73E1241B173000047944 /* Resources */,
			);
			buildRules = (
			);
			dependencies = (
			);
			name = SFSymbolsCollectionUsingNewAPI;
			productName = SFSymbolsCollectionUsingNewAPI;
			productReference = D65A73E3241B173000047944 /* SFSymbolsCollectionUsingNewAPI.app */;
			productType = "com.apple.product-type.application";
		};
		D65A73F8241B173100047944 /* SFSymbolsCollectionUsingNewAPITests */ = {
			isa = PBXNativeTarget;
			buildConfigurationList = D65A7405241B173100047944 /* Build configuration list for PBXNativeTarget "SFSymbolsCollectionUsingNewAPITests" */;
			buildPhases = (
				D65A73F5241B173100047944 /* Sources */,
				D65A73F6241B173100047944 /* Frameworks */,
				D65A73F7241B173100047944 /* Resources */,
			);
			buildRules = (
			);
			dependencies = (
				D65A73FB241B173100047944 /* PBXTargetDependency */,
			);
			name = SFSymbolsCollectionUsingNewAPITests;
			productName = SFSymbolsCollectionUsingNewAPITests;
			productReference = D65A73F9241B173100047944 /* SFSymbolsCollectionUsingNewAPITests.xctest */;
			productType = "com.apple.product-type.bundle.unit-test";
		};
/* End PBXNativeTarget section */

/* Begin PBXProject section */
		D65A73DB241B173000047944 /* Project object */ = {
			isa = PBXProject;
			attributes = {
				LastSwiftUpdateCheck = 1140;
				LastUpgradeCheck = 1140;
				ORGANIZATIONNAME = shiz;
				TargetAttributes = {
					D65A73E2241B173000047944 = {
						CreatedOnToolsVersion = 11.4;
					};
					D65A73F8241B173100047944 = {
						CreatedOnToolsVersion = 11.4;
						TestTargetID = D65A73E2241B173000047944;
					};
				};
			};
			buildConfigurationList = D65A73DE241B173000047944 /* Build configuration list for PBXProject "SFSymbolsCollectionUsingNewAPI" */;
			compatibilityVersion = "Xcode 9.3";
			developmentRegion = en;
			hasScannedForEncodings = 0;
			knownRegions = (
				en,
				Base,
			);
			mainGroup = D65A73DA241B173000047944;
			productRefGroup = D65A73E4241B173000047944 /* Products */;
			projectDirPath = "";
			projectRoot = "";
			targets = (
				D65A73E2241B173000047944 /* SFSymbolsCollectionUsingNewAPI */,
				D65A73F8241B173100047944 /* SFSymbolsCollectionUsingNewAPITests */,
			);
		};
/* End PBXProject section */

/* Begin PBXResourcesBuildPhase section */
		D65A73E1241B173000047944 /* Resources */ = {
			isa = PBXResourcesBuildPhase;
			buildActionMask = 2147483647;
			files = (
				D65A73F3241B173000047944 /* LaunchScreen.storyboard in Resources */,
				D65A740D241B1BF500047944 /* symbols.json in Resources */,
				D65A73F0241B173000047944 /* Assets.xcassets in Resources */,
			);
			runOnlyForDeploymentPostprocessing = 0;
		};
		D65A73F7241B173100047944 /* Resources */ = {
			isa = PBXResourcesBuildPhase;
			buildActionMask = 2147483647;
			files = (
			);
			runOnlyForDeploymentPostprocessing = 0;
		};
/* End PBXResourcesBuildPhase section */

/* Begin PBXSourcesBuildPhase section */
		D65A73DF241B173000047944 /* Sources */ = {
			isa = PBXSourcesBuildPhase;
			buildActionMask = 2147483647;
			files = (
				D65A7409241B1A4600047944 /* CategoriesViewController.swift in Sources */,
				D65A740B241B1AC900047944 /* SFSymbolCategory.swift in Sources */,
				D65A73E7241B173000047944 /* AppDelegate.swift in Sources */,
				D65A73E9241B173000047944 /* SceneDelegate.swift in Sources */,
				D65A740F241B216300047944 /* CategoryCell.swift in Sources */,
				D6BBA05D241B2FAF00199481 /* CategoriesDataSource.swift in Sources */,
			);
			runOnlyForDeploymentPostprocessing = 0;
		};
		D65A73F5241B173100047944 /* Sources */ = {
			isa = PBXSourcesBuildPhase;
			buildActionMask = 2147483647;
			files = (
				D65A73FE241B173100047944 /* SFSymbolsCollectionUsingNewAPITests.swift in Sources */,
			);
			runOnlyForDeploymentPostprocessing = 0;
		};
/* End PBXSourcesBuildPhase section */

/* Begin PBXTargetDependency section */
		D65A73FB241B173100047944 /* PBXTargetDependency */ = {
			isa = PBXTargetDependency;
			target = D65A73E2241B173000047944 /* SFSymbolsCollectionUsingNewAPI */;
			targetProxy = D65A73FA241B173100047944 /* PBXContainerItemProxy */;
		};
/* End PBXTargetDependency section */

/* Begin PBXVariantGroup section */
		D65A73F1241B173000047944 /* LaunchScreen.storyboard */ = {
			isa = PBXVariantGroup;
			children = (
				D65A73F2241B173000047944 /* Base */,
			);
			name = LaunchScreen.storyboard;
			sourceTree = "<group>";
		};
/* End PBXVariantGroup section */

/* Begin XCBuildConfiguration section */
		D65A7400241B173100047944 /* Debug */ = {
			isa = XCBuildConfiguration;
			buildSettings = {
				ALWAYS_SEARCH_USER_PATHS = NO;
				CLANG_ANALYZER_NONNULL = YES;
				CLANG_ANALYZER_NUMBER_OBJECT_CONVERSION = YES_AGGRESSIVE;
				CLANG_CXX_LANGUAGE_STANDARD = "gnu++14";
				CLANG_CXX_LIBRARY = "libc++";
				CLANG_ENABLE_MODULES = YES;
				CLANG_ENABLE_OBJC_ARC = YES;
				CLANG_ENABLE_OBJC_WEAK = YES;
				CLANG_WARN_BLOCK_CAPTURE_AUTORELEASING = YES;
				CLANG_WARN_BOOL_CONVERSION = YES;
				CLANG_WARN_COMMA = YES;
				CLANG_WARN_CONSTANT_CONVERSION = YES;
				CLANG_WARN_DEPRECATED_OBJC_IMPLEMENTATIONS = YES;
				CLANG_WARN_DIRECT_OBJC_ISA_USAGE = YES_ERROR;
				CLANG_WARN_DOCUMENTATION_COMMENTS = YES;
				CLANG_WARN_EMPTY_BODY = YES;
				CLANG_WARN_ENUM_CONVERSION = YES;
				CLANG_WARN_INFINITE_RECURSION = YES;
				CLANG_WARN_INT_CONVERSION = YES;
				CLANG_WARN_NON_LITERAL_NULL_CONVERSION = YES;
				CLANG_WARN_OBJC_IMPLICIT_RETAIN_SELF = YES;
				CLANG_WARN_OBJC_LITERAL_CONVERSION = YES;
				CLANG_WARN_OBJC_ROOT_CLASS = YES_ERROR;
				CLANG_WARN_RANGE_LOOP_ANALYSIS = YES;
				CLANG_WARN_STRICT_PROTOTYPES = YES;
				CLANG_WARN_SUSPICIOUS_MOVE = YES;
				CLANG_WARN_UNGUARDED_AVAILABILITY = YES_AGGRESSIVE;
				CLANG_WARN_UNREACHABLE_CODE = YES;
				CLANG_WARN__DUPLICATE_METHOD_MATCH = YES;
				COPY_PHASE_STRIP = NO;
				DEBUG_INFORMATION_FORMAT = dwarf;
				ENABLE_STRICT_OBJC_MSGSEND = YES;
				ENABLE_TESTABILITY = YES;
				GCC_C_LANGUAGE_STANDARD = gnu11;
				GCC_DYNAMIC_NO_PIC = NO;
				GCC_NO_COMMON_BLOCKS = YES;
				GCC_OPTIMIZATION_LEVEL = 0;
				GCC_PREPROCESSOR_DEFINITIONS = (
					"DEBUG=1",
					"$(inherited)",
				);
				GCC_WARN_64_TO_32_BIT_CONVERSION = YES;
				GCC_WARN_ABOUT_RETURN_TYPE = YES_ERROR;
				GCC_WARN_UNDECLARED_SELECTOR = YES;
				GCC_WARN_UNINITIALIZED_AUTOS = YES_AGGRESSIVE;
				GCC_WARN_UNUSED_FUNCTION = YES;
				GCC_WARN_UNUSED_VARIABLE = YES;
				IPHONEOS_DEPLOYMENT_TARGET = 13.4;
				MTL_ENABLE_DEBUG_INFO = INCLUDE_SOURCE;
				MTL_FAST_MATH = YES;
				ONLY_ACTIVE_ARCH = YES;
				SDKROOT = iphoneos;
				SWIFT_ACTIVE_COMPILATION_CONDITIONS = DEBUG;
				SWIFT_OPTIMIZATION_LEVEL = "-Onone";
			};
			name = Debug;
		};
		D65A7401241B173100047944 /* Release */ = {
			isa = XCBuildConfiguration;
			buildSettings = {
				ALWAYS_SEARCH_USER_PATHS = NO;
				CLANG_ANALYZER_NONNULL = YES;
				CLANG_ANALYZER_NUMBER_OBJECT_CONVERSION = YES_AGGRESSIVE;
				CLANG_CXX_LANGUAGE_STANDARD = "gnu++14";
				CLANG_CXX_LIBRARY = "libc++";
				CLANG_ENABLE_MODULES = YES;
				CLANG_ENABLE_OBJC_ARC = YES;
				CLANG_ENABLE_OBJC_WEAK = YES;
				CLANG_WARN_BLOCK_CAPTURE_AUTORELEASING = YES;
				CLANG_WARN_BOOL_CONVERSION = YES;
				CLANG_WARN_COMMA = YES;
				CLANG_WARN_CONSTANT_CONVERSION = YES;
				CLANG_WARN_DEPRECATED_OBJC_IMPLEMENTATIONS = YES;
				CLANG_WARN_DIRECT_OBJC_ISA_USAGE = YES_ERROR;
				CLANG_WARN_DOCUMENTATION_COMMENTS = YES;
				CLANG_WARN_EMPTY_BODY = YES;
				CLANG_WARN_ENUM_CONVERSION = YES;
				CLANG_WARN_INFINITE_RECURSION = YES;
				CLANG_WARN_INT_CONVERSION = YES;
				CLANG_WARN_NON_LITERAL_NULL_CONVERSION = YES;
				CLANG_WARN_OBJC_IMPLICIT_RETAIN_SELF = YES;
				CLANG_WARN_OBJC_LITERAL_CONVERSION = YES;
				CLANG_WARN_OBJC_ROOT_CLASS = YES_ERROR;
				CLANG_WARN_RANGE_LOOP_ANALYSIS = YES;
				CLANG_WARN_STRICT_PROTOTYPES = YES;
				CLANG_WARN_SUSPICIOUS_MOVE = YES;
				CLANG_WARN_UNGUARDED_AVAILABILITY = YES_AGGRESSIVE;
				CLANG_WARN_UNREACHABLE_CODE = YES;
				CLANG_WARN__DUPLICATE_METHOD_MATCH = YES;
				COPY_PHASE_STRIP = NO;
				DEBUG_INFORMATION_FORMAT = "dwarf-with-dsym";
				ENABLE_NS_ASSERTIONS = NO;
				ENABLE_STRICT_OBJC_MSGSEND = YES;
				GCC_C_LANGUAGE_STANDARD = gnu11;
				GCC_NO_COMMON_BLOCKS = YES;
				GCC_WARN_64_TO_32_BIT_CONVERSION = YES;
				GCC_WARN_ABOUT_RETURN_TYPE = YES_ERROR;
				GCC_WARN_UNDECLARED_SELECTOR = YES;
				GCC_WARN_UNINITIALIZED_AUTOS = YES_AGGRESSIVE;
				GCC_WARN_UNUSED_FUNCTION = YES;
				GCC_WARN_UNUSED_VARIABLE = YES;
				IPHONEOS_DEPLOYMENT_TARGET = 13.4;
				MTL_ENABLE_DEBUG_INFO = NO;
				MTL_FAST_MATH = YES;
				SDKROOT = iphoneos;
				SWIFT_COMPILATION_MODE = wholemodule;
				SWIFT_OPTIMIZATION_LEVEL = "-O";
				VALIDATE_PRODUCT = YES;
			};
			name = Release;
		};
		D65A7403241B173100047944 /* Debug */ = {
			isa = XCBuildConfiguration;
			buildSettings = {
				ASSETCATALOG_COMPILER_APPICON_NAME = AppIcon;
				CODE_SIGN_STYLE = Automatic;
				DEVELOPMENT_TEAM = L8VFCZLW2Z;
				INFOPLIST_FILE = SFSymbolsCollectionUsingNewAPI/Info.plist;
				LD_RUNPATH_SEARCH_PATHS = (
					"$(inherited)",
					"@executable_path/Frameworks",
				);
				PRODUCT_BUNDLE_IDENTIFIER = shiz.sample.SFSymbolsCollectionUsingNewAPI;
				PRODUCT_NAME = "$(TARGET_NAME)";
				SWIFT_VERSION = 5.0;
				TARGETED_DEVICE_FAMILY = "1,2";
			};
			name = Debug;
		};
		D65A7404241B173100047944 /* Release */ = {
			isa = XCBuildConfiguration;
			buildSettings = {
				ASSETCATALOG_COMPILER_APPICON_NAME = AppIcon;
				CODE_SIGN_STYLE = Automatic;
				DEVELOPMENT_TEAM = L8VFCZLW2Z;
				INFOPLIST_FILE = SFSymbolsCollectionUsingNewAPI/Info.plist;
				LD_RUNPATH_SEARCH_PATHS = (
					"$(inherited)",
					"@executable_path/Frameworks",
				);
				PRODUCT_BUNDLE_IDENTIFIER = shiz.sample.SFSymbolsCollectionUsingNewAPI;
				PRODUCT_NAME = "$(TARGET_NAME)";
				SWIFT_VERSION = 5.0;
				TARGETED_DEVICE_FAMILY = "1,2";
			};
			name = Release;
		};
		D65A7406241B173100047944 /* Debug */ = {
			isa = XCBuildConfiguration;
			buildSettings = {
				ALWAYS_EMBED_SWIFT_STANDARD_LIBRARIES = YES;
				BUNDLE_LOADER = "$(TEST_HOST)";
				CODE_SIGN_STYLE = Automatic;
				DEVELOPMENT_TEAM = L8VFCZLW2Z;
				INFOPLIST_FILE = SFSymbolsCollectionUsingNewAPITests/Info.plist;
				IPHONEOS_DEPLOYMENT_TARGET = 13.4;
				LD_RUNPATH_SEARCH_PATHS = (
					"$(inherited)",
					"@executable_path/Frameworks",
					"@loader_path/Frameworks",
				);
				PRODUCT_BUNDLE_IDENTIFIER = shiz.sample.SFSymbolsCollectionUsingNewAPITests;
				PRODUCT_NAME = "$(TARGET_NAME)";
				SWIFT_VERSION = 5.0;
				TARGETED_DEVICE_FAMILY = "1,2";
				TEST_HOST = "$(BUILT_PRODUCTS_DIR)/SFSymbolsCollectionUsingNewAPI.app/SFSymbolsCollectionUsingNewAPI";
			};
			name = Debug;
		};
		D65A7407241B173100047944 /* Release */ = {
			isa = XCBuildConfiguration;
			buildSettings = {
				ALWAYS_EMBED_SWIFT_STANDARD_LIBRARIES = YES;
				BUNDLE_LOADER = "$(TEST_HOST)";
				CODE_SIGN_STYLE = Automatic;
				DEVELOPMENT_TEAM = L8VFCZLW2Z;
				INFOPLIST_FILE = SFSymbolsCollectionUsingNewAPITests/Info.plist;
				IPHONEOS_DEPLOYMENT_TARGET = 13.4;
				LD_RUNPATH_SEARCH_PATHS = (
					"$(inherited)",
					"@executable_path/Frameworks",
					"@loader_path/Frameworks",
				);
				PRODUCT_BUNDLE_IDENTIFIER = shiz.sample.SFSymbolsCollectionUsingNewAPITests;
				PRODUCT_NAME = "$(TARGET_NAME)";
				SWIFT_VERSION = 5.0;
				TARGETED_DEVICE_FAMILY = "1,2";
				TEST_HOST = "$(BUILT_PRODUCTS_DIR)/SFSymbolsCollectionUsingNewAPI.app/SFSymbolsCollectionUsingNewAPI";
			};
			name = Release;
		};
/* End XCBuildConfiguration section */

/* Begin XCConfigurationList section */
		D65A73DE241B173000047944 /* Build configuration list for PBXProject "SFSymbolsCollectionUsingNewAPI" */ = {
			isa = XCConfigurationList;
			buildConfigurations = (
				D65A7400241B173100047944 /* Debug */,
				D65A7401241B173100047944 /* Release */,
			);
			defaultConfigurationIsVisible = 0;
			defaultConfigurationName = Release;
		};
		D65A7402241B173100047944 /* Build configuration list for PBXNativeTarget "SFSymbolsCollectionUsingNewAPI" */ = {
			isa = XCConfigurationList;
			buildConfigurations = (
				D65A7403241B173100047944 /* Debug */,
				D65A7404241B173100047944 /* Release */,
			);
			defaultConfigurationIsVisible = 0;
			defaultConfigurationName = Release;
		};
		D65A7405241B173100047944 /* Build configuration list for PBXNativeTarget "SFSymbolsCollectionUsingNewAPITests" */ = {
			isa = XCConfigurationList;
			buildConfigurations = (
				D65A7406241B173100047944 /* Debug */,
				D65A7407241B173100047944 /* Release */,
			);
			defaultConfigurationIsVisible = 0;
			defaultConfigurationName = Release;
		};
/* End XCConfigurationList section */
	};
	rootObject = D65A73DB241B173000047944 /* Project object */;
}
